<Solution>
  <Folder Name="/Bootstrapper/">
    <Project Path="Bootstrapper/Svx.Api/Svx.Api.csproj" Id="3456749a-877d-4b4d-96ca-b4a997a29516" />
  </Folder>
  <Folder Name="/Modules/" />
  <Folder Name="/Modules/Catalogos/">
    <Project Path="Modules/Catalogos/Svx.Catalogos/Svx.Catalogos.csproj" Id="0f246bd1-f63c-4b48-924a-1c8de6b12760" />
  </Folder>
  <Folder Name="/Shared/" />
</Solution>
